
Microsoft Visual Studio Solution File, Format Version 12.00
# Visual Studio Version 17
VisualStudioVersion = 17.4.33213.308
MinimumVisualStudioVersion = 10.0.40219.1
Project("{FAE04EC0-301F-11D3-BF4B-00C04F79EFBC}") = "sh_lab_1", "sh_lab_1.csproj", "{6858F770-3E1F-4413-9D1B-85D30FBF699B}"
EndProject
Global
	GlobalSection(SolutionConfigurationPlatforms) = preSolution
		Debug|Any CPU = Debug|Any CPU
		Release|Any CPU = Release|Any CPU
	EndGlobalSection
	GlobalSection(ProjectConfigurationPlatforms) = postSolution
		{6858F770-3E1F-4413-9D1B-85D30FBF699B}.Debug|Any CPU.ActiveCfg = Debug|Any CPU
		{6858F770-3E1F-4413-9D1B-85D30FBF699B}.Debug|Any CPU.Build.0 = Debug|Any CPU
		{6858F770-3E1F-4413-9D1B-85D30FBF699B}.Release|Any CPU.ActiveCfg = Release|Any CPU
		{6858F770-3E1F-4413-9D1B-85D30FBF699B}.Release|Any CPU.Build.0 = Release|Any CPU
	EndGlobalSection
	GlobalSection(SolutionProperties) = preSolution
		HideSolutionNode = FALSE
	EndGlobalSection
	GlobalSection(ExtensibilityGlobals) = postSolution
		SolutionGuid = {4C00151F-E9C2-4C82-AE96-8F4B9D84BD4E}
	EndGlobalSection
EndGlobal
